
Microsoft Visual Studio Solution File, Format Version 12.00
# Visual Studio Version 17
VisualStudioVersion = 17.10.34928.147
MinimumVisualStudioVersion = 10.0.40219.1
Project("{FAE04EC0-301F-11D3-BF4B-00C04F79EFBC}") = "QuanLyKhachSan", "QuanLyKhachSan\QuanLyKhachSan.csproj", "{4ADEFFED-CCC2-4A55-9C4E-1BD33CD8B053}"
EndProject
Global
	GlobalSection(SolutionConfigurationPlatforms) = preSolution
		Debug|Any CPU = Debug|Any CPU
		Release|Any CPU = Release|Any CPU
	EndGlobalSection
	GlobalSection(ProjectConfigurationPlatforms) = postSolution
		{4ADEFFED-CCC2-4A55-9C4E-1BD33CD8B053}.Debug|Any CPU.ActiveCfg = Debug|Any CPU
		{4ADEFFED-CCC2-4A55-9C4E-1BD33CD8B053}.Debug|Any CPU.Build.0 = Debug|Any CPU
		{4ADEFFED-CCC2-4A55-9C4E-1BD33CD8B053}.Release|Any CPU.ActiveCfg = Release|Any CPU
		{4ADEFFED-CCC2-4A55-9C4E-1BD33CD8B053}.Release|Any CPU.Build.0 = Release|Any CPU
	EndGlobalSection
	GlobalSection(SolutionProperties) = preSolution
		HideSolutionNode = FALSE
	EndGlobalSection
	GlobalSection(ExtensibilityGlobals) = postSolution
		SolutionGuid = {94788172-CA76-47E9-8573-7464D042A96D}
	EndGlobalSection
EndGlobal
